
Microsoft Visual Studio Solution File, Format Version 12.00
# Visual Studio Version 17
VisualStudioVersion = 17.5.33516.290
MinimumVisualStudioVersion = 10.0.40219.1
Project("{FAE04EC0-301F-11D3-BF4B-00C04F79EFBC}") = "CataTreco", "CataTreco\CataTreco.csproj", "{5BA8EE23-E6F2-429A-8A7A-E255B3319AC8}"
EndProject
Project("{FAE04EC0-301F-11D3-BF4B-00C04F79EFBC}") = "DAO", "DAO\DAO.csproj", "{389B31B5-3D01-4D39-B5BC-99B5760F042F}"
EndProject
Project("{FAE04EC0-301F-11D3-BF4B-00C04F79EFBC}") = "MODEL", "MODEL\MODEL.csproj", "{A660A593-D26D-440C-B27D-9114FF214425}"
EndProject
Project("{FAE04EC0-301F-11D3-BF4B-00C04F79EFBC}") = "CONTROLLER", "CONTROLLER\CONTROLLER.csproj", "{97C2B4DF-1CF8-40C5-8EFE-5478B2A2E7D9}"
EndProject
Global
	GlobalSection(SolutionConfigurationPlatforms) = preSolution
		Debug|Any CPU = Debug|Any CPU
		Release|Any CPU = Release|Any CPU
	EndGlobalSection
	GlobalSection(ProjectConfigurationPlatforms) = postSolution
		{5BA8EE23-E6F2-429A-8A7A-E255B3319AC8}.Debug|Any CPU.ActiveCfg = Debug|Any CPU
		{5BA8EE23-E6F2-429A-8A7A-E255B3319AC8}.Debug|Any CPU.Build.0 = Debug|Any CPU
		{5BA8EE23-E6F2-429A-8A7A-E255B3319AC8}.Release|Any CPU.ActiveCfg = Release|Any CPU
		{5BA8EE23-E6F2-429A-8A7A-E255B3319AC8}.Release|Any CPU.Build.0 = Release|Any CPU
		{389B31B5-3D01-4D39-B5BC-99B5760F042F}.Debug|Any CPU.ActiveCfg = Debug|Any CPU
		{389B31B5-3D01-4D39-B5BC-99B5760F042F}.Debug|Any CPU.Build.0 = Debug|Any CPU
		{389B31B5-3D01-4D39-B5BC-99B5760F042F}.Release|Any CPU.ActiveCfg = Release|Any CPU
		{389B31B5-3D01-4D39-B5BC-99B5760F042F}.Release|Any CPU.Build.0 = Release|Any CPU
		{A660A593-D26D-440C-B27D-9114FF214425}.Debug|Any CPU.ActiveCfg = Debug|Any CPU
		{A660A593-D26D-440C-B27D-9114FF214425}.Debug|Any CPU.Build.0 = Debug|Any CPU
		{A660A593-D26D-440C-B27D-9114FF214425}.Release|Any CPU.ActiveCfg = Release|Any CPU
		{A660A593-D26D-440C-B27D-9114FF214425}.Release|Any CPU.Build.0 = Release|Any CPU
		{97C2B4DF-1CF8-40C5-8EFE-5478B2A2E7D9}.Debug|Any CPU.ActiveCfg = Debug|Any CPU
		{97C2B4DF-1CF8-40C5-8EFE-5478B2A2E7D9}.Debug|Any CPU.Build.0 = Debug|Any CPU
		{97C2B4DF-1CF8-40C5-8EFE-5478B2A2E7D9}.Release|Any CPU.ActiveCfg = Release|Any CPU
		{97C2B4DF-1CF8-40C5-8EFE-5478B2A2E7D9}.Release|Any CPU.Build.0 = Release|Any CPU
	EndGlobalSection
	GlobalSection(SolutionProperties) = preSolution
		HideSolutionNode = FALSE
	EndGlobalSection
	GlobalSection(ExtensibilityGlobals) = postSolution
		SolutionGuid = {16D08D25-AB69-431F-945E-9459CB42D6F0}
	EndGlobalSection
EndGlobal
